
Microsoft Visual Studio Solution File, Format Version 10.00
# Visual Studio 2008
Project("{8BC9CEB8-8B4A-11D0-8D11-00A0C91BC942}") = "task7_12", "task7_12\task7_12.vcproj", "{339B7207-ED91-4891-BA60-07DDCA3DA55A}"
EndProject
Global
	GlobalSection(SolutionConfigurationPlatforms) = preSolution
		Debug|Win32 = Debug|Win32
		Release|Win32 = Release|Win32
	EndGlobalSection
	GlobalSection(ProjectConfigurationPlatforms) = postSolution
		{339B7207-ED91-4891-BA60-07DDCA3DA55A}.Debug|Win32.ActiveCfg = Debug|Win32
		{339B7207-ED91-4891-BA60-07DDCA3DA55A}.Debug|Win32.Build.0 = Debug|Win32
		{339B7207-ED91-4891-BA60-07DDCA3DA55A}.Release|Win32.ActiveCfg = Release|Win32
		{339B7207-ED91-4891-BA60-07DDCA3DA55A}.Release|Win32.Build.0 = Release|Win32
	EndGlobalSection
	GlobalSection(SolutionProperties) = preSolution
		HideSolutionNode = FALSE
	EndGlobalSection
EndGlobal
